
Microsoft Visual Studio Solution File, Format Version 12.00
# Visual Studio Version 17
VisualStudioVersion = 17.0.31912.275
MinimumVisualStudioVersion = 10.0.40219.1
Project("{FAE04EC0-301F-11D3-BF4B-00C04F79EFBC}") = "TaskApi", "TaskApi.csproj", "{36C9569C-0F08-4D1F-9387-C71B8B25969F}"
EndProject
Global
	GlobalSection(SolutionConfigurationPlatforms) = preSolution
		Debug|Any CPU = Debug|Any CPU
		Release|Any CPU = Release|Any CPU
	EndGlobalSection
	GlobalSection(ProjectConfigurationPlatforms) = postSolution
		{36C9569C-0F08-4D1F-9387-C71B8B25969F}.Debug|Any CPU.ActiveCfg = Debug|Any CPU
		{36C9569C-0F08-4D1F-9387-C71B8B25969F}.Debug|Any CPU.Build.0 = Debug|Any CPU
		{36C9569C-0F08-4D1F-9387-C71B8B25969F}.Release|Any CPU.ActiveCfg = Release|Any CPU
		{36C9569C-0F08-4D1F-9387-C71B8B25969F}.Release|Any CPU.Build.0 = Release|Any CPU
	EndGlobalSection
	GlobalSection(SolutionProperties) = preSolution
		HideSolutionNode = FALSE
	EndGlobalSection
	GlobalSection(ExtensibilityGlobals) = postSolution
		SolutionGuid = {5C8579EA-9390-4D59-9501-F0F88FC8E2EF}
	EndGlobalSection
EndGlobal
